
Microsoft Visual Studio Solution File, Format Version 12.00
# Visual Studio Version 17
VisualStudioVersion = 17.2.32519.379
MinimumVisualStudioVersion = 10.0.40219.1
Project("{FAE04EC0-301F-11D3-BF4B-00C04F79EFBC}") = "Piltform", "Piltform\Piltform.csproj", "{50F9A659-8449-4F55-8ECF-499016FFBB50}"
EndProject
Global
	GlobalSection(SolutionConfigurationPlatforms) = preSolution
		Debug|Any CPU = Debug|Any CPU
		Release|Any CPU = Release|Any CPU
	EndGlobalSection
	GlobalSection(ProjectConfigurationPlatforms) = postSolution
		{50F9A659-8449-4F55-8ECF-499016FFBB50}.Debug|Any CPU.ActiveCfg = Debug|Any CPU
		{50F9A659-8449-4F55-8ECF-499016FFBB50}.Debug|Any CPU.Build.0 = Debug|Any CPU
		{50F9A659-8449-4F55-8ECF-499016FFBB50}.Release|Any CPU.ActiveCfg = Release|Any CPU
		{50F9A659-8449-4F55-8ECF-499016FFBB50}.Release|Any CPU.Build.0 = Release|Any CPU
	EndGlobalSection
	GlobalSection(SolutionProperties) = preSolution
		HideSolutionNode = FALSE
	EndGlobalSection
	GlobalSection(ExtensibilityGlobals) = postSolution
		SolutionGuid = {D8EBF9F6-A028-425E-919B-44791071A802}
	EndGlobalSection
EndGlobal
